
Microsoft Visual Studio Solution File, Format Version 12.00
# Visual Studio Version 17
VisualStudioVersion = 17.4.33205.214
MinimumVisualStudioVersion = 10.0.40219.1
Project("{FAE04EC0-301F-11D3-BF4B-00C04F79EFBC}") = "Final Project", "Final Project.csproj", "{24F82845-1635-49C7-BC4A-E3B65D5E9CC8}"
EndProject
Project("{54435603-DBB4-11D2-8724-00A0C9A8B90C}") = "setup SRM", "..\setup SRM\setup SRM.vdproj", "{62DBA330-4D4C-4385-BA3D-13EC7518CB23}"
EndProject
Global
	GlobalSection(SolutionConfigurationPlatforms) = prevSolution
		Debug|Any CPU = Debug|Any CPU
		Release|Any CPU = Release|Any CPU
	EndGlobalSection
	GlobalSection(ProjectConfigurationPlatforms) = postSolution
		{24F82845-1635-49C7-BC4A-E3B65D5E9CC8}.Debug|Any CPU.ActiveCfg = Release|Any CPU
		{24F82845-1635-49C7-BC4A-E3B65D5E9CC8}.Debug|Any CPU.Build.0 = Release|Any CPU
		{24F82845-1635-49C7-BC4A-E3B65D5E9CC8}.Release|Any CPU.ActiveCfg = Release|Any CPU
		{24F82845-1635-49C7-BC4A-E3B65D5E9CC8}.Release|Any CPU.Build.0 = Release|Any CPU
		{62DBA330-4D4C-4385-BA3D-13EC7518CB23}.Debug|Any CPU.ActiveCfg = Debug
		{62DBA330-4D4C-4385-BA3D-13EC7518CB23}.Release|Any CPU.ActiveCfg = Release
	EndGlobalSection
	GlobalSection(SolutionProperties) = prevSolution
		HideSolutionNode = FALSE
	EndGlobalSection
	GlobalSection(ExtensibilityGlobals) = postSolution
		SolutionGuid = {2AE74EDC-8D71-4D10-9578-0582D104F0D9}
	EndGlobalSection
EndGlobal
